version = 1
revision = 3
requires-python = "==3.12.4"

[[package]]
name = "annotated-types"
version = "0.7.0"
source = { registry = "https://pypi.org/simple" }
sdist = { url = "https://files.pythonhosted.org/packages/ee/67/531ea369ba64dcff5ec9c3402f9f51bf748cec26dde048a2f973a4eea7f5/annotated_types-0.7.0.tar.gz", hash = "sha256:aff07c09a53a08bc8cfccb9c85b05f1aa9a2a6f23728d790723543408344ce89", size = 16081, upload-time = "2024-05-20T21:33:25.928Z" }
wheels = [
    { url = "https://files.pythonhosted.org/packages/78/b6/6307fbef88d9b5ee7421e68d78a9f162e0da4900bc5f5793f6d3d0e34fb8/annotated_types-0.7.0-py3-none-any.whl", hash = "sha256:1f02e8b43a8fbbc3f3e0d4f0f4bfc8131bcb4eebe8849b8e5c773f3a1c582a53", size = 13643, upload-time = "2024-05-20T21:33:24.1Z" },
]

[[package]]
name = "anyio"
version = "4.13.0"
source = { registry = "https://pypi.org/simple" }
dependencies = [
    { name = "idna" },
    { name = "typing-extensions" },
]
sdist = { url = "https://files.pythonhosted.org/packages/19/14/2c5dd9f512b66549ae92767a9c7b330ae88e1932ca57876909410251fe13/anyio-4.13.0.tar.gz", hash = "sha256:334b70e641fd2221c1505b3890c69882fe4a2df910cba14d97019b90b24439dc", size = 231622, upload-time = "2026-03-24T12:59:09.671Z" }
wheels = [
    { url = "https://files.pythonhosted.org/packages/da/42/e921fccf5015463e32a3cf6ee7f980a6ed0f395ceeaa45060b61d86486c2/anyio-4.13.0-py3-none-any.whl", hash = "sha256:08b310f9e24a9594186fd75b4f73f4a4152069e3853f1ed8bfbf58369f4ad708", size = 114353, upload-time = "2026-03-24T12:59:08.246Z" },
]

[[package]]
name = "attrs"
version = "24.2.0"
source = { registry = "https://pypi.org/simple" }
sdist = { url = "https://files.pythonhosted.org/packages/fc/0f/aafca9af9315aee06a89ffde799a10a582fe8de76c563ee80bbcdc08b3fb/attrs-24.2.0.tar.gz", hash = "sha256:5cfb1b9148b5b086569baec03f20d7b6bf3bcacc9a42bebf87ffaaca362f6346", size = 792678, upload-time = "2024-08-06T14:37:38.364Z" }
wheels = [
    { url = "https://files.pythonhosted.org/packages/6a/21/5b6702a7f963e95456c0de2d495f67bf5fd62840ac655dc451586d23d39a/attrs-24.2.0-py3-none-any.whl", hash = "sha256:81921eb96de3191c8258c199618104dd27ac608d9366f5e35d011eae1867ede2", size = 63001, upload-time = "2024-08-06T14:37:36.958Z" },
]

[[package]]
name = "boto3"
version = "1.42.93"
source = { registry = "https://pypi.org/simple" }
dependencies = [
    { name = "botocore" },
    { name = "jmespath" },
    { name = "s3transfer" },
]
sdist = { url = "https://files.pythonhosted.org/packages/dd/ac/e6b2b24d53c830500176f710594efcde626186b5b3c9aead6f8837976956/boto3-1.42.93.tar.gz", hash = "sha256:ff81c6bac708cb95c4f8b27e331ac67d95c6908dd86bcb7b15b8941960f2bc4c", size = 113218, upload-time = "2026-04-21T21:30:39.733Z" }
wheels = [
    { url = "https://files.pythonhosted.org/packages/f2/2d/fcc35bde9fa47ac463a3023c73838e23e9281cde7f5e86fe7c459c3b72aa/boto3-1.42.93-py3-none-any.whl", hash = "sha256:51e34e30e65bea4df0ff77f91abdcb97297eb74c3b27eb576b2abbd758452967", size = 140554, upload-time = "2026-04-21T21:30:36.581Z" },
]

[[package]]
name = "botocore"
version = "1.42.93"
source = { registry = "https://pypi.org/simple" }
dependencies = [
    { name = "jmespath" },
    { name = "python-dateutil" },
    { name = "urllib3" },
]
sdist = { url = "https://files.pythonhosted.org/packages/1b/d4/eb53f7ed81836696abf7103c9c901a0cace9217328094ca93419016a78c9/botocore-1.42.93.tar.gz", hash = "sha256:9ce49863c50b43f7942edd295fb16bfc6d227264ce6fc32c8f2426ef11b9351b", size = 15239759, upload-time = "2026-04-21T21:30:23.707Z" }
wheels = [
    { url = "https://files.pythonhosted.org/packages/f4/0c/ccc57c9a7bcd4553620bf6f50a3640ba68d189330fc4787dbddb2d851534/botocore-1.42.93-py3-none-any.whl", hash = "sha256:96ae26cd6302a7c7563398517b90a438168a4efdf4f73ab38882cefb8df721cc", size = 14923656, upload-time = "2026-04-21T21:30:17.597Z" },
]

[[package]]
name = "certifi"
version = "2026.4.22"
source = { registry = "https://pypi.org/simple" }
sdist = { url = "https://files.pythonhosted.org/packages/25/ee/6caf7a40c36a1220410afe15a1cc64993a1f864871f698c0f93acb72842a/certifi-2026.4.22.tar.gz", hash = "sha256:8d455352a37b71bf76a79caa83a3d6c25afee4a385d632127b6afb3963f1c580", size = 137077, upload-time = "2026-04-22T11:26:11.191Z" }
wheels = [
    { url = "https://files.pythonhosted.org/packages/22/30/7cd8fdcdfbc5b869528b079bfb76dcdf6056b1a2097a662e5e8c04f42965/certifi-2026.4.22-py3-none-any.whl", hash = "sha256:3cb2210c8f88ba2318d29b0388d1023c8492ff72ecdde4ebdaddbb13a31b1c4a", size = 135707, upload-time = "2026-04-22T11:26:09.372Z" },
]

[[package]]
name = "h11"
version = "0.16.0"
source = { registry = "https://pypi.org/simple" }
sdist = { url = "https://files.pythonhosted.org/packages/01/ee/02a2c011bdab74c6fb3c75474d40b3052059d95df7e73351460c8588d963/h11-0.16.0.tar.gz", hash = "sha256:4e35b956cf45792e4caa5885e69fba00bdbc6ffafbfa020300e549b208ee5ff1", size = 101250, upload-time = "2025-04-24T03:35:25.427Z" }
wheels = [
    { url = "https://files.pythonhosted.org/packages/04/4b/29cac41a4d98d144bf5f6d33995617b185d14b22401f75ca86f384e87ff1/h11-0.16.0-py3-none-any.whl", hash = "sha256:63cf8bbe7522de3bf65932fda1d9c2772064ffb3dae62d55932da54b31cb6c86", size = 37515, upload-time = "2025-04-24T03:35:24.344Z" },
]

[[package]]
name = "httpcore"
version = "1.0.9"
source = { registry = "https://pypi.org/simple" }
dependencies = [
    { name = "certifi" },
    { name = "h11" },
]
sdist = { url = "https://files.pythonhosted.org/packages/06/94/82699a10bca87a5556c9c59b5963f2d039dbd239f25bc2a63907a05a14cb/httpcore-1.0.9.tar.gz", hash = "sha256:6e34463af53fd2ab5d807f399a9b45ea31c3dfa2276f15a2c3f00afff6e176e8", size = 85484, upload-time = "2025-04-24T22:06:22.219Z" }
wheels = [
    { url = "https://files.pythonhosted.org/packages/7e/f5/f66802a942d491edb555dd61e3a9961140fd64c90bce1eafd741609d334d/httpcore-1.0.9-py3-none-any.whl", hash = "sha256:2d400746a40668fc9dec9810239072b40b4484b640a8c38fd654a024c7a1bf55", size = 78784, upload-time = "2025-04-24T22:06:20.566Z" },
]

[[package]]
name = "httpx"
version = "0.28.1"
source = { registry = "https://pypi.org/simple" }
dependencies = [
    { name = "anyio" },
    { name = "certifi" },
    { name = "httpcore" },
    { name = "idna" },
]
sdist = { url = "https://files.pythonhosted.org/packages/b1/df/48c586a5fe32a0f01324ee087459e112ebb7224f646c0b5023f5e79e9956/httpx-0.28.1.tar.gz", hash = "sha256:75e98c5f16b0f35b567856f597f06ff2270a374470a5c2392242528e3e3e42fc", size = 141406, upload-time = "2024-12-06T15:37:23.222Z" }
wheels = [
    { url = "https://files.pythonhosted.org/packages/2a/39/e50c7c3a983047577ee07d2a9e53faf5a69493943ec3f6a384bdc792deb2/httpx-0.28.1-py3-none-any.whl", hash = "sha256:d909fcccc110f8c7faf814ca82a9a4d816bc5a6dbfea25d6591d6985b8ba59ad", size = 73517, upload-time = "2024-12-06T15:37:21.509Z" },
]

[[package]]
name = "idna"
version = "3.12"
source = { registry = "https://pypi.org/simple" }
sdist = { url = "https://files.pythonhosted.org/packages/22/12/2948fbe5513d062169bd91f7d7b1cd97bc8894f32946b71fa39f6e63ca0c/idna-3.12.tar.gz", hash = "sha256:724e9952cc9e2bd7550ea784adb098d837ab5267ef67a1ab9cf7846bdbdd8254", size = 194350, upload-time = "2026-04-21T13:32:48.916Z" }
wheels = [
    { url = "https://files.pythonhosted.org/packages/53/b2/acc33950394b3becb2b664741a0c0889c7ef9f9ffbfa8d47eddb53a50abd/idna-3.12-py3-none-any.whl", hash = "sha256:60ffaa1858fac94c9c124728c24fcde8160f3fb4a7f79aa8cdd33a9d1af60a67", size = 68634, upload-time = "2026-04-21T13:32:47.403Z" },
]

[[package]]
name = "jmespath"
version = "1.1.0"
source = { registry = "https://pypi.org/simple" }
sdist = { url = "https://files.pythonhosted.org/packages/d3/59/322338183ecda247fb5d1763a6cbe46eff7222eaeebafd9fa65d4bf5cb11/jmespath-1.1.0.tar.gz", hash = "sha256:472c87d80f36026ae83c6ddd0f1d05d4e510134ed462851fd5f754c8c3cbb88d", size = 27377, upload-time = "2026-01-22T16:35:26.279Z" }
wheels = [
    { url = "https://files.pythonhosted.org/packages/14/2f/967ba146e6d58cf6a652da73885f52fc68001525b4197effc174321d70b4/jmespath-1.1.0-py3-none-any.whl", hash = "sha256:a5663118de4908c91729bea0acadca56526eb2698e83de10cd116ae0f4e97c64", size = 20419, upload-time = "2026-01-22T16:35:24.919Z" },
]

[[package]]
name = "pydantic"
version = "2.13.3"
source = { registry = "https://pypi.org/simple" }
dependencies = [
    { name = "annotated-types" },
    { name = "pydantic-core" },
    { name = "typing-extensions" },
    { name = "typing-inspection" },
]
sdist = { url = "https://files.pythonhosted.org/packages/d9/e4/40d09941a2cebcb20609b86a559817d5b9291c49dd6f8c87e5feffbe703a/pydantic-2.13.3.tar.gz", hash = "sha256:af09e9d1d09f4e7fe37145c1f577e1d61ceb9a41924bf0094a36506285d0a84d", size = 844068, upload-time = "2026-04-20T14:46:43.632Z" }
wheels = [
    { url = "https://files.pythonhosted.org/packages/f3/0a/fd7d723f8f8153418fb40cf9c940e82004fce7e987026b08a68a36dd3fe7/pydantic-2.13.3-py3-none-any.whl", hash = "sha256:6db14ac8dfc9a1e57f87ea2c0de670c251240f43cb0c30a5130e9720dc612927", size = 471981, upload-time = "2026-04-20T14:46:41.402Z" },
]

[[package]]
name = "pydantic-core"
version = "2.46.3"
source = { registry = "https://pypi.org/simple" }
dependencies = [
    { name = "typing-extensions" },
]
sdist = { url = "https://files.pythonhosted.org/packages/2a/ef/f7abb56c49382a246fd2ce9c799691e3c3e7175ec74b14d99e798bcddb1a/pydantic_core-2.46.3.tar.gz", hash = "sha256:41c178f65b8c29807239d47e6050262eb6bf84eb695e41101e62e38df4a5bc2c", size = 471412, upload-time = "2026-04-20T14:40:56.672Z" }
wheels = [
    { url = "https://files.pythonhosted.org/packages/4b/cb/5b47425556ecc1f3fe18ed2a0083188aa46e1dd812b06e406475b3a5d536/pydantic_core-2.46.3-cp312-cp312-macosx_10_12_x86_64.whl", hash = "sha256:b11b59b3eee90a80a36701ddb4576d9ae31f93f05cb9e277ceaa09e6bf074a67", size = 2101946, upload-time = "2026-04-20T14:40:52.581Z" },
    { url = "https://files.pythonhosted.org/packages/a1/4f/2fb62c2267cae99b815bbf4a7b9283812c88ca3153ef29f7707200f1d4e5/pydantic_core-2.46.3-cp312-cp312-macosx_11_0_arm64.whl", hash = "sha256:af8653713055ea18a3abc1537fe2ebc42f5b0bbb768d1eb79fd74eb47c0ac089", size = 1951612, upload-time = "2026-04-20T14:42:42.996Z" },
    { url = "https://files.pythonhosted.org/packages/50/6e/b7348fd30d6556d132cddd5bd79f37f96f2601fe0608afac4f5fb01ec0b3/pydantic_core-2.46.3-cp312-cp312-manylinux_2_17_aarch64.manylinux2014_aarch64.whl", hash = "sha256:75a519dab6d63c514f3a81053e5266c549679e4aa88f6ec57f2b7b854aceb1b0", size = 1977027, upload-time = "2026-04-20T14:42:02.001Z" },
    { url = "https://files.pythonhosted.org/packages/82/11/31d60ee2b45540d3fb0b29302a393dbc01cd771c473f5b5147bcd353e593/pydantic_core-2.46.3-cp312-cp312-manylinux_2_17_armv7l.manylinux2014_armv7l.whl", hash = "sha256:a6cd87cb1575b1ad05ba98894c5b5c96411ef678fa2f6ed2576607095b8d9789", size = 2063008, upload-time = "2026-04-20T14:44:17.952Z" },
    { url = "https://files.pythonhosted.org/packages/8a/db/3a9d1957181b59258f44a2300ab0f0be9d1e12d662a4f57bb31250455c52/pydantic_core-2.46.3-cp312-cp312-manylinux_2_17_ppc64le.manylinux2014_ppc64le.whl", hash = "sha256:f80a55484b8d843c8ada81ebf70a682f3f00a3d40e378c06cf17ecb44d280d7d", size = 2233082, upload-time = "2026-04-20T14:40:57.934Z" },
    { url = "https://files.pythonhosted.org/packages/9c/e1/3277c38792aeb5cfb18c2f0c5785a221d9ff4e149abbe1184d53d5f72273/pydantic_core-2.46.3-cp312-cp312-manylinux_2_17_s390x.manylinux2014_s390x.whl", hash = "sha256:3861f1731b90c50a3266316b9044f5c9b405eecb8e299b0a7120596334e4fe9c", size = 2304615, upload-time = "2026-04-20T14:42:12.584Z" },
    { url = "https://files.pythonhosted.org/packages/5e/d5/e3d9717c9eba10855325650afd2a9cba8e607321697f18953af9d562da2f/pydantic_core-2.46.3-cp312-cp312-manylinux_2_17_x86_64.manylinux2014_x86_64.whl", hash = "sha256:fb528e295ed31570ac3dcc9bfdd6e0150bc11ce6168ac87a8082055cf1a67395", size = 2094380, upload-time = "2026-04-20T14:43:05.522Z" },
    { url = "https://files.pythonhosted.org/packages/a1/20/abac35dedcbfd66c6f0b03e4e3564511771d6c9b7ede10a362d03e110d9b/pydantic_core-2.46.3-cp312-cp312-manylinux_2_31_riscv64.whl", hash = "sha256:367508faa4973b992b271ba1494acaab36eb7e8739d1e47be5035fb1ea225396", size = 2135429, upload-time = "2026-04-20T14:41:55.549Z" },
    { url = "https://files.pythonhosted.org/packages/6c/a5/41bfd1df69afad71b5cf0535055bccc73022715ad362edbc124bc1e021d7/pydantic_core-2.46.3-cp312-cp312-manylinux_2_5_i686.manylinux1_i686.whl", hash = "sha256:5ad3c826fe523e4becf4fe39baa44286cff85ef137c729a2c5e269afbfd0905d", size = 2174582, upload-time = "2026-04-20T14:41:45.96Z" },
    { url = "https://files.pythonhosted.org/packages/79/65/38d86ea056b29b2b10734eb23329b7a7672ca604df4f2b6e9c02d4ee22fe/pydantic_core-2.46.3-cp312-cp312-musllinux_1_1_aarch64.whl", hash = "sha256:ec638c5d194ef8af27db69f16c954a09797c0dc25015ad6123eb2c73a4d271ca", size = 2187533, upload-time = "2026-04-20T14:40:55.367Z" },
    { url = "https://files.pythonhosted.org/packages/b6/55/a1129141678a2026badc539ad1dee0a71d06f54c2f06a4bd68c030ac781b/pydantic_core-2.46.3-cp312-cp312-musllinux_1_1_armv7l.whl", hash = "sha256:28ed528c45446062ee66edb1d33df5d88828ae167de76e773a3c7f64bd14e976", size = 2332985, upload-time = "2026-04-20T14:44:13.05Z" },
    { url = "https://files.pythonhosted.org/packages/d7/60/cb26f4077719f709e54819f4e8e1d43f4091f94e285eb6bd21e1190a7b7c/pydantic_core-2.46.3-cp312-cp312-musllinux_1_1_x86_64.whl", hash = "sha256:aed19d0c783886d5bd86d80ae5030006b45e28464218747dcf83dabfdd092c7b", size = 2373670, upload-time = "2026-04-20T14:41:53.421Z" },
    { url = "https://files.pythonhosted.org/packages/6b/7e/c3f21882bdf1d8d086876f81b5e296206c69c6082551d776895de7801fa0/pydantic_core-2.46.3-cp312-cp312-win32.whl", hash = "sha256:06d5d8820cbbdb4147578c1fe7ffcd5b83f34508cb9f9ab76e807be7db6ff0a4", size = 1966722, upload-time = "2026-04-20T14:44:30.588Z" },
    { url = "https://files.pythonhosted.org/packages/57/be/6b5e757b859013ebfbd7adba02f23b428f37c86dcbf78b5bb0b4ffd36e99/pydantic_core-2.46.3-cp312-cp312-win_amd64.whl", hash = "sha256:c3212fda0ee959c1dd04c60b601ec31097aaa893573a3a1abd0a47bcac2968c1", size = 2072970, upload-time = "2026-04-20T14:42:54.248Z" },
    { url = "https://files.pythonhosted.org/packages/bf/f8/a989b21cc75e9a32d24192ef700eea606521221a89faa40c919ce884f2b1/pydantic_core-2.46.3-cp312-cp312-win_arm64.whl", hash = "sha256:f1f8338dd7a7f31761f1f1a3c47503a9a3b34eea3c8b01fa6ee96408affb5e72", size = 2035963, upload-time = "2026-04-20T14:44:20.4Z" },
    { url = "https://files.pythonhosted.org/packages/34/42/f426db557e8ab2791bc7562052299944a118655496fbff99914e564c0a94/pydantic_core-2.46.3-graalpy312-graalpy250_312_native-macosx_10_12_x86_64.whl", hash = "sha256:b12dd51f1187c2eb489af8e20f880362db98e954b54ab792fa5d92e8bcc6b803", size = 2091877, upload-time = "2026-04-20T14:43:27.091Z" },
    { url = "https://files.pythonhosted.org/packages/5c/4f/86a832a9d14df58e663bfdf4627dc00d3317c2bd583c4fb23390b0f04b8e/pydantic_core-2.46.3-graalpy312-graalpy250_312_native-macosx_11_0_arm64.whl", hash = "sha256:f00a0961b125f1a47af7bcc17f00782e12f4cd056f83416006b30111d941dfa3", size = 1932428, upload-time = "2026-04-20T14:40:45.781Z" },
    { url = "https://files.pythonhosted.org/packages/11/1a/fe857968954d93fb78e0d4b6df5c988c74c4aaa67181c60be7cfe327c0ca/pydantic_core-2.46.3-graalpy312-graalpy250_312_native-manylinux_2_17_aarch64.manylinux2014_aarch64.whl", hash = "sha256:57697d7c056aca4bbb680200f96563e841a6386ac1129370a0102592f4dddff5", size = 1997550, upload-time = "2026-04-20T14:44:02.425Z" },
    { url = "https://files.pythonhosted.org/packages/17/eb/9d89ad2d9b0ba8cd65393d434471621b98912abb10fbe1df08e480ba57b5/pydantic_core-2.46.3-graalpy312-graalpy250_312_native-manylinux_2_17_x86_64.manylinux2014_x86_64.whl", hash = "sha256:fd35aa21299def8db7ef4fe5c4ff862941a9a158ca7b63d61e66fe67d30416b4", size = 2137657, upload-time = "2026-04-20T14:42:45.149Z" },
]

[[package]]
name = "python-dateutil"
version = "2.9.0.post0"
source = { registry = "https://pypi.org/simple" }
dependencies = [
    { name = "six" },
]
sdist = { url = "https://files.pythonhosted.org/packages/66/c0/0c8b6ad9f17a802ee498c46e004a0eb49bc148f2fd230864601a86dcf6db/python-dateutil-2.9.0.post0.tar.gz", hash = "sha256:37dd54208da7e1cd875388217d5e00ebd4179249f90fb72437e91a35459a0ad3", size = 342432, upload-time = "2024-03-01T18:36:20.211Z" }
wheels = [
    { url = "https://files.pythonhosted.org/packages/ec/57/56b9bcc3c9c6a792fcbaf139543cee77261f3651ca9da0c93f5c1221264b/python_dateutil-2.9.0.post0-py2.py3-none-any.whl", hash = "sha256:a8b2bc7bffae282281c8140a97d3aa9c14da0b136dfe83f850eea9a5f7470427", size = 229892, upload-time = "2024-03-01T18:36:18.57Z" },
]

[[package]]
name = "s3transfer"
version = "0.16.0"
source = { registry = "https://pypi.org/simple" }
dependencies = [
    { name = "botocore" },
]
sdist = { url = "https://files.pythonhosted.org/packages/05/04/74127fc843314818edfa81b5540e26dd537353b123a4edc563109d8f17dd/s3transfer-0.16.0.tar.gz", hash = "sha256:8e990f13268025792229cd52fa10cb7163744bf56e719e0b9cb925ab79abf920", size = 153827, upload-time = "2025-12-01T02:30:59.114Z" }
wheels = [
    { url = "https://files.pythonhosted.org/packages/fc/51/727abb13f44c1fcf6d145979e1535a35794db0f6e450a0cb46aa24732fe2/s3transfer-0.16.0-py3-none-any.whl", hash = "sha256:18e25d66fed509e3868dc1572b3f427ff947dd2c56f844a5bf09481ad3f3b2fe", size = 86830, upload-time = "2025-12-01T02:30:57.729Z" },
]

[[package]]
name = "six"
version = "1.17.0"
source = { registry = "https://pypi.org/simple" }
sdist = { url = "https://files.pythonhosted.org/packages/94/e7/b2c673351809dca68a0e064b6af791aa332cf192da575fd474ed7d6f16a2/six-1.17.0.tar.gz", hash = "sha256:ff70335d468e7eb6ec65b95b99d3a2836546063f63acc5171de367e834932a81", size = 34031, upload-time = "2024-12-04T17:35:28.174Z" }
wheels = [
    { url = "https://files.pythonhosted.org/packages/b7/ce/149a00dd41f10bc29e5921b496af8b574d8413afcd5e30dfa0ed46c2cc5e/six-1.17.0-py2.py3-none-any.whl", hash = "sha256:4721f391ed90541fddacab5acf947aa0d3dc7d27b2e1e8eda2be8970586c3274", size = 11050, upload-time = "2024-12-04T17:35:26.475Z" },
]

[[package]]
name = "snowflake-to-iceberg-load-orchestrator"
version = "0.1.0"
source = { virtual = "." }
dependencies = [
    { name = "boto3" },
    { name = "tower" },
]

[package.metadata]
requires-dist = [
    { name = "boto3" },
    { name = "tower", specifier = ">=0.3.43" },
]

[[package]]
name = "tower"
version = "0.3.58"
source = { registry = "https://pypi.org/simple" }
dependencies = [
    { name = "attrs" },
    { name = "httpx" },
    { name = "pydantic" },
    { name = "pydantic-core" },
    { name = "python-dateutil" },
]
sdist = { url = "https://files.pythonhosted.org/packages/cd/33/6dce10e21075f79cd5458fa1effd8ee2dafd663e1c125495226b872df331/tower-0.3.58.tar.gz", hash = "sha256:2f22e1438a8610016710a6fdb2f08b415ab2b5eae62a6e66bd899831a58ab1bf", size = 309044, upload-time = "2026-04-17T07:58:45.464Z" }
wheels = [
    { url = "https://files.pythonhosted.org/packages/4b/34/1725c147b6305d542ce6b021ed7dd3a2c613950a5b1d20f78e31ade505c7/tower-0.3.58-cp312-cp312-macosx_10_12_x86_64.whl", hash = "sha256:d06e63e35f44a4aaadedbbdfc6bc4de776cd5509bfba98dba8a1113aca931894", size = 7540011, upload-time = "2026-04-17T07:58:12.415Z" },
    { url = "https://files.pythonhosted.org/packages/a6/ca/8ad7a7e9041dc7a86e120e4c4f5e30814653e1c7ba697840a4c2ccd563e3/tower-0.3.58-cp312-cp312-macosx_11_0_arm64.whl", hash = "sha256:162ce306cb163f962eb08146e596a6e9211514698f93ae100feeb2542509936f", size = 7332280, upload-time = "2026-04-17T07:58:56.168Z" },
    { url = "https://files.pythonhosted.org/packages/a9/41/43ae95c96cb502a1b3e37f6e271e0906699b73ad87434eba325f5d194a4f/tower-0.3.58-cp312-cp312-manylinux_2_17_aarch64.manylinux2014_aarch64.whl", hash = "sha256:4d067de70881f6f755e56d293815c4b8481947feb815af1bb791b6516a740348", size = 7640489, upload-time = "2026-04-17T07:58:10.748Z" },
    { url = "https://files.pythonhosted.org/packages/a9/8d/98d79ec20c9bb1a0ce73a14ceae9d4775fcee19ba862485aaef67bef78db/tower-0.3.58-cp312-cp312-manylinux_2_17_i686.manylinux2014_i686.whl", hash = "sha256:b7d57d97cbab59ae82ae2cd1537cea73cf73afe1cdb8b5e15d475cdd929c147b", size = 8957344, upload-time = "2026-04-17T07:59:05.028Z" },
    { url = "https://files.pythonhosted.org/packages/5c/d7/cb9da5ad09d9ee02c851cd27d70bfd89eefe3ee60769b3387fde40b708a6/tower-0.3.58-cp312-cp312-manylinux_2_17_x86_64.manylinux2014_x86_64.whl", hash = "sha256:21ad91067cc70f0226d47be9292e350f82bc740f886708dd6606eeb73110fa14", size = 8010004, upload-time = "2026-04-17T07:58:29.411Z" },
    { url = "https://files.pythonhosted.org/packages/a0/70/1704a378cd8c95da1f7376a36ff492759ab670f42078b85a220dfaf37c10/tower-0.3.58-cp312-cp312-musllinux_1_2_aarch64.whl", hash = "sha256:c120c5175cae48d33b9588a518752721144c3bf8174ba1c02f8fd9d1381780bf", size = 7758640, upload-time = "2026-04-17T07:58:44.086Z" },
    { url = "https://files.pythonhosted.org/packages/1c/a8/b9699ec5e9bbbc6e7dac2bbf35f700554fa45706b16eb5a18b53afd51e30/tower-0.3.58-cp312-cp312-musllinux_1_2_i686.whl", hash = "sha256:eafc822b959423e123561016457dbe17b9668f193fcb910d6e369765e5a49ee9", size = 8615387, upload-time = "2026-04-17T07:57:55.706Z" },
    { url = "https://files.pythonhosted.org/packages/18/63/6b46fb526cd77ba221ca05a938e3dcaa6697d8a8148f2601a503e617d697/tower-0.3.58-cp312-cp312-musllinux_1_2_x86_64.whl", hash = "sha256:739cb6b77aa46e902f26819544861eec40128e3cd3369e9b8501916aafd61982", size = 8216607, upload-time = "2026-04-17T07:58:03.35Z" },
    { url = "https://files.pythonhosted.org/packages/ae/f2/1f20cb6d852f6d0c7548eea1df8ee6492706b23c2c7751ff118fcb45a175/tower-0.3.58-cp312-cp312-win_amd64.whl", hash = "sha256:031680fef32dea7e08dd91692cd960ff5118ef8536fccf028de42640067a92d6", size = 7930253, upload-time = "2026-04-17T07:58:59.845Z" },
    { url = "https://files.pythonhosted.org/packages/02/eb/1d7999d53eb0f0c465307acb27ce22ee6f22b3af19e43df68294cec64fd8/tower-0.3.58-cp312-cp312-win_arm64.whl", hash = "sha256:993984316cfebb8329d0bcd8725ddd1a650f5a23e4c07df6b2a9dbb6caa7d125", size = 7508034, upload-time = "2026-04-17T07:57:48.367Z" },
]

[[package]]
name = "typing-extensions"
version = "4.15.0"
source = { registry = "https://pypi.org/simple" }
sdist = { url = "https://files.pythonhosted.org/packages/72/94/1a15dd82efb362ac84269196e94cf00f187f7ed21c242792a923cdb1c61f/typing_extensions-4.15.0.tar.gz", hash = "sha256:0cea48d173cc12fa28ecabc3b837ea3cf6f38c6d1136f85cbaaf598984861466", size = 109391, upload-time = "2025-08-25T13:49:26.313Z" }
wheels = [
    { url = "https://files.pythonhosted.org/packages/18/67/36e9267722cc04a6b9f15c7f3441c2363321a3ea07da7ae0c0707beb2a9c/typing_extensions-4.15.0-py3-none-any.whl", hash = "sha256:f0fa19c6845758ab08074a0cfa8b7aecb71c999ca73d62883bc25cc018c4e548", size = 44614, upload-time = "2025-08-25T13:49:24.86Z" },
]

[[package]]
name = "typing-inspection"
version = "0.4.2"
source = { registry = "https://pypi.org/simple" }
dependencies = [
    { name = "typing-extensions" },
]
sdist = { url = "https://files.pythonhosted.org/packages/55/e3/70399cb7dd41c10ac53367ae42139cf4b1ca5f36bb3dc6c9d33acdb43655/typing_inspection-0.4.2.tar.gz", hash = "sha256:ba561c48a67c5958007083d386c3295464928b01faa735ab8547c5692e87f464", size = 75949, upload-time = "2025-10-01T02:14:41.687Z" }
wheels = [
    { url = "https://files.pythonhosted.org/packages/dc/9b/47798a6c91d8bdb567fe2698fe81e0c6b7cb7ef4d13da4114b41d239f65d/typing_inspection-0.4.2-py3-none-any.whl", hash = "sha256:4ed1cacbdc298c220f1bd249ed5287caa16f34d44ef4e9c3d0cbad5b521545e7", size = 14611, upload-time = "2025-10-01T02:14:40.154Z" },
]

[[package]]
name = "urllib3"
version = "2.6.3"
source = { registry = "https://pypi.org/simple" }
sdist = { url = "https://files.pythonhosted.org/packages/c7/24/5f1b3bdffd70275f6661c76461e25f024d5a38a46f04aaca912426a2b1d3/urllib3-2.6.3.tar.gz", hash = "sha256:1b62b6884944a57dbe321509ab94fd4d3b307075e0c2eae991ac71ee15ad38ed", size = 435556, upload-time = "2026-01-07T16:24:43.925Z" }
wheels = [
    { url = "https://files.pythonhosted.org/packages/39/08/aaaad47bc4e9dc8c725e68f9d04865dbcb2052843ff09c97b08904852d84/urllib3-2.6.3-py3-none-any.whl", hash = "sha256:bf272323e553dfb2e87d9bfd225ca7b0f467b919d7bbd355436d3fd37cb0acd4", size = 131584, upload-time = "2026-01-07T16:24:42.685Z" },
]
